
Microsoft Visual Studio Solution File, Format Version 12.00
# Visual Studio 14
VisualStudioVersion = 14.0.25420.1
MinimumVisualStudioVersion = 10.0.40219.1
Project("{FAE04EC0-301F-11D3-BF4B-00C04F79EFBC}") = "JsonParsing", "JsonParsing\JsonParsing.csproj", "{5453B1BE-4B16-4BD0-88A4-E86EBA9B18BE}"
EndProject
Global
	GlobalSection(SolutionConfigurationPlatforms) = preSolution
		Debug|Any CPU = Debug|Any CPU
		Release|Any CPU = Release|Any CPU
	EndGlobalSection
	GlobalSection(ProjectConfigurationPlatforms) = postSolution
		{5453B1BE-4B16-4BD0-88A4-E86EBA9B18BE}.Debug|Any CPU.ActiveCfg = Debug|Any CPU
		{5453B1BE-4B16-4BD0-88A4-E86EBA9B18BE}.Debug|Any CPU.Build.0 = Debug|Any CPU
		{5453B1BE-4B16-4BD0-88A4-E86EBA9B18BE}.Release|Any CPU.ActiveCfg = Release|Any CPU
		{5453B1BE-4B16-4BD0-88A4-E86EBA9B18BE}.Release|Any CPU.Build.0 = Release|Any CPU
	EndGlobalSection
	GlobalSection(SolutionProperties) = preSolution
		HideSolutionNode = FALSE
	EndGlobalSection
EndGlobal
