
Microsoft Visual Studio Solution File, Format Version 11.00
# Visual Studio 2010
Project("{FAE04EC0-301F-11D3-BF4B-00C04F79EFBC}") = "HelloWorld", "HelloWorld\HelloWorld.csproj", "{9460342E-DBC0-40F3-A999-D9B4F734FAE9}"
EndProject
Project("{FAE04EC0-301F-11D3-BF4B-00C04F79EFBC}") = "PrintName", "PrintName\PrintName.csproj", "{8046A6BA-BC4A-4642-8B46-252D149B4087}"
EndProject
Project("{FAE04EC0-301F-11D3-BF4B-00C04F79EFBC}") = "CurrentDateAndTime", "CurrentDateAndTime\CurrentDateAndTime.csproj", "{02AE035C-DB0C-4FD5-B6D2-F9A06EF03BB5}"
EndProject
Project("{FAE04EC0-301F-11D3-BF4B-00C04F79EFBC}") = "PrintNumbers", "PrintNumbers\PrintNumbers.csproj", "{CC066CF7-41A9-41F7-B7B6-6A07BBCC6697}"
EndProject
Project("{FAE04EC0-301F-11D3-BF4B-00C04F79EFBC}") = "SquareRoot", "SquareRoot\SquareRoot.csproj", "{74415F44-A042-4E02-AD5A-DB474CF72FE0}"
EndProject
Project("{FAE04EC0-301F-11D3-BF4B-00C04F79EFBC}") = "PrintSequence", "PrintSequence\PrintSequence.csproj", "{53B4DDE8-5ABF-4EF4-85FE-57755036A034}"
EndProject
Project("{FAE04EC0-301F-11D3-BF4B-00C04F79EFBC}") = "Age", "Age\Age.csproj", "{53053E0A-5E41-45B9-8385-A63E570ACA80}"
EndProject
Project("{FAE04EC0-301F-11D3-BF4B-00C04F79EFBC}") = "LongSequence", "LongSequence\LongSequence.csproj", "{0749FC65-9859-4BF7-8667-97711CACC0D3}"
EndProject
Global
	GlobalSection(SolutionConfigurationPlatforms) = preSolution
		Debug|x86 = Debug|x86
		Release|x86 = Release|x86
	EndGlobalSection
	GlobalSection(ProjectConfigurationPlatforms) = postSolution
		{9460342E-DBC0-40F3-A999-D9B4F734FAE9}.Debug|x86.ActiveCfg = Debug|x86
		{9460342E-DBC0-40F3-A999-D9B4F734FAE9}.Debug|x86.Build.0 = Debug|x86
		{9460342E-DBC0-40F3-A999-D9B4F734FAE9}.Release|x86.ActiveCfg = Release|x86
		{9460342E-DBC0-40F3-A999-D9B4F734FAE9}.Release|x86.Build.0 = Release|x86
		{8046A6BA-BC4A-4642-8B46-252D149B4087}.Debug|x86.ActiveCfg = Debug|x86
		{8046A6BA-BC4A-4642-8B46-252D149B4087}.Debug|x86.Build.0 = Debug|x86
		{8046A6BA-BC4A-4642-8B46-252D149B4087}.Release|x86.ActiveCfg = Release|x86
		{8046A6BA-BC4A-4642-8B46-252D149B4087}.Release|x86.Build.0 = Release|x86
		{02AE035C-DB0C-4FD5-B6D2-F9A06EF03BB5}.Debug|x86.ActiveCfg = Debug|x86
		{02AE035C-DB0C-4FD5-B6D2-F9A06EF03BB5}.Debug|x86.Build.0 = Debug|x86
		{02AE035C-DB0C-4FD5-B6D2-F9A06EF03BB5}.Release|x86.ActiveCfg = Release|x86
		{02AE035C-DB0C-4FD5-B6D2-F9A06EF03BB5}.Release|x86.Build.0 = Release|x86
		{CC066CF7-41A9-41F7-B7B6-6A07BBCC6697}.Debug|x86.ActiveCfg = Debug|x86
		{CC066CF7-41A9-41F7-B7B6-6A07BBCC6697}.Debug|x86.Build.0 = Debug|x86
		{CC066CF7-41A9-41F7-B7B6-6A07BBCC6697}.Release|x86.ActiveCfg = Release|x86
		{CC066CF7-41A9-41F7-B7B6-6A07BBCC6697}.Release|x86.Build.0 = Release|x86
		{74415F44-A042-4E02-AD5A-DB474CF72FE0}.Debug|x86.ActiveCfg = Debug|x86
		{74415F44-A042-4E02-AD5A-DB474CF72FE0}.Debug|x86.Build.0 = Debug|x86
		{74415F44-A042-4E02-AD5A-DB474CF72FE0}.Release|x86.ActiveCfg = Release|x86
		{74415F44-A042-4E02-AD5A-DB474CF72FE0}.Release|x86.Build.0 = Release|x86
		{53B4DDE8-5ABF-4EF4-85FE-57755036A034}.Debug|x86.ActiveCfg = Debug|x86
		{53B4DDE8-5ABF-4EF4-85FE-57755036A034}.Debug|x86.Build.0 = Debug|x86
		{53B4DDE8-5ABF-4EF4-85FE-57755036A034}.Release|x86.ActiveCfg = Release|x86
		{53B4DDE8-5ABF-4EF4-85FE-57755036A034}.Release|x86.Build.0 = Release|x86
		{53053E0A-5E41-45B9-8385-A63E570ACA80}.Debug|x86.ActiveCfg = Debug|x86
		{53053E0A-5E41-45B9-8385-A63E570ACA80}.Debug|x86.Build.0 = Debug|x86
		{53053E0A-5E41-45B9-8385-A63E570ACA80}.Release|x86.ActiveCfg = Release|x86
		{53053E0A-5E41-45B9-8385-A63E570ACA80}.Release|x86.Build.0 = Release|x86
		{0749FC65-9859-4BF7-8667-97711CACC0D3}.Debug|x86.ActiveCfg = Debug|x86
		{0749FC65-9859-4BF7-8667-97711CACC0D3}.Debug|x86.Build.0 = Debug|x86
		{0749FC65-9859-4BF7-8667-97711CACC0D3}.Release|x86.ActiveCfg = Release|x86
		{0749FC65-9859-4BF7-8667-97711CACC0D3}.Release|x86.Build.0 = Release|x86
	EndGlobalSection
	GlobalSection(SolutionProperties) = preSolution
		HideSolutionNode = FALSE
	EndGlobalSection
EndGlobal
